
Microsoft Visual Studio Solution File, Format Version 12.00
# Visual Studio 15
VisualStudioVersion = 15.0.27703.2042
MinimumVisualStudioVersion = 10.0.40219.1
Project("{FAE04EC0-301F-11D3-BF4B-00C04F79EFBC}") = "InstagramLocations", "InstagramLocations\InstagramLocations.csproj", "{1C768F5D-46BC-492C-A995-DCA852B4A942}"
EndProject
Project("{FAE04EC0-301F-11D3-BF4B-00C04F79EFBC}") = "DotNetTor", "DotNetTor\DotNetTor.csproj", "{580D82E9-C98E-4E28-9F83-43547C1D1109}"
EndProject
Global
	GlobalSection(SolutionConfigurationPlatforms) = preSolution
		Debug|Any CPU = Debug|Any CPU
		Release|Any CPU = Release|Any CPU
	EndGlobalSection
	GlobalSection(ProjectConfigurationPlatforms) = postSolution
		{1C768F5D-46BC-492C-A995-DCA852B4A942}.Debug|Any CPU.ActiveCfg = Debug|Any CPU
		{1C768F5D-46BC-492C-A995-DCA852B4A942}.Debug|Any CPU.Build.0 = Debug|Any CPU
		{1C768F5D-46BC-492C-A995-DCA852B4A942}.Release|Any CPU.ActiveCfg = Release|Any CPU
		{1C768F5D-46BC-492C-A995-DCA852B4A942}.Release|Any CPU.Build.0 = Release|Any CPU
		{580D82E9-C98E-4E28-9F83-43547C1D1109}.Debug|Any CPU.ActiveCfg = Debug|Any CPU
		{580D82E9-C98E-4E28-9F83-43547C1D1109}.Debug|Any CPU.Build.0 = Debug|Any CPU
		{580D82E9-C98E-4E28-9F83-43547C1D1109}.Release|Any CPU.ActiveCfg = Release|Any CPU
		{580D82E9-C98E-4E28-9F83-43547C1D1109}.Release|Any CPU.Build.0 = Release|Any CPU
	EndGlobalSection
	GlobalSection(SolutionProperties) = preSolution
		HideSolutionNode = FALSE
	EndGlobalSection
	GlobalSection(ExtensibilityGlobals) = postSolution
		SolutionGuid = {77628B19-4E85-42B2-A790-B34778885E9E}
	EndGlobalSection
EndGlobal
